
Microsoft Visual Studio Solution File, Format Version 12.00
# Visual Studio Version 16
VisualStudioVersion = 16.0.30907.101
MinimumVisualStudioVersion = 10.0.40219.1
Project("{FAE04EC0-301F-11D3-BF4B-00C04F79EFBC}") = "casestudymedium1", "casestudymedium1\casestudymedium1.csproj", "{D0059DCC-9218-4E1B-8A76-58063AA4A64E}"
EndProject
Global
	GlobalSection(SolutionConfigurationPlatforms) = preSolution
		Debug|Any CPU = Debug|Any CPU
		Release|Any CPU = Release|Any CPU
	EndGlobalSection
	GlobalSection(ProjectConfigurationPlatforms) = postSolution
		{D0059DCC-9218-4E1B-8A76-58063AA4A64E}.Debug|Any CPU.ActiveCfg = Debug|Any CPU
		{D0059DCC-9218-4E1B-8A76-58063AA4A64E}.Debug|Any CPU.Build.0 = Debug|Any CPU
		{D0059DCC-9218-4E1B-8A76-58063AA4A64E}.Release|Any CPU.ActiveCfg = Release|Any CPU
		{D0059DCC-9218-4E1B-8A76-58063AA4A64E}.Release|Any CPU.Build.0 = Release|Any CPU
	EndGlobalSection
	GlobalSection(SolutionProperties) = preSolution
		HideSolutionNode = FALSE
	EndGlobalSection
	GlobalSection(ExtensibilityGlobals) = postSolution
		SolutionGuid = {18A43513-682D-4765-BA01-198AA0FD67F4}
	EndGlobalSection
EndGlobal
